// !$*UTF8*$!
{
	archiveVersion = 1;
	classes = {
	};
	objectVersion = 48;
	objects = {

/* Begin PBXBuildFile section */
		3FCD7FEB201AD19A00F57E99 /* AppDelegate.m in Sources */ = {isa = PBXBuildFile; fileRef = 3FCD7FEA201AD19A00F57E99 /* AppDelegate.m */; };
		3FCD7FEE201AD19A00F57E99 /* ViewController.m in Sources */ = {isa = PBXBuildFile; fileRef = 3FCD7FED201AD19A00F57E99 /* ViewController.m */; };
		3FCD7FF1201AD19A00F57E99 /* Main.storyboard in Resources */ = {isa = PBXBuildFile; fileRef = 3FCD7FEF201AD19A00F57E99 /* Main.storyboard */; };
		3FCD7FF3201AD19A00F57E99 /* Assets.xcassets in Resources */ = {isa = PBXBuildFile; fileRef = 3FCD7FF2201AD19A00F57E99 /* Assets.xcassets */; };
		3FCD7FF6201AD19A00F57E99 /* LaunchScreen.storyboard in Resources */ = {isa = PBXBuildFile; fileRef = 3FCD7FF4201AD19A00F57E99 /* LaunchScreen.storyboard */; };
		3FCD7FF9201AD19A00F57E99 /* main.m in Sources */ = {isa = PBXBuildFile; fileRef = 3FCD7FF8201AD19A00F57E99 /* main.m */; };
		3FCD8001201AD1E200F57E99 /* ChangeLoction.m in Sources */ = {isa = PBXBuildFile; fileRef = 3FCD8000201AD1E200F57E99 /* ChangeLoction.m */; };
/* End PBXBuildFile section */

/* Begin PBXFileReference section */
		3FCD7FE6201AD19A00F57E99 /* ChangeLocation.app */ = {isa = PBXFileReference; explicitFileType = wrapper.application; includeInIndex = 0; path = ChangeLocation.app; sourceTree = BUILT_PRODUCTS_DIR; };
		3FCD7FE9201AD19A00F57E99 /* AppDelegate.h */ = {isa = PBXFileReference; lastKnownFileType = sourcecode.c.h; path = AppDelegate.h; sourceTree = "<group>"; };
		3FCD7FEA201AD19A00F57E99 /* AppDelegate.m */ = {isa = PBXFileReference; lastKnownFileType = sourcecode.c.objc; path = AppDelegate.m; sourceTree = "<group>"; };
		3FCD7FEC201AD19A00F57E99 /* ViewController.h */ = {isa = PBXFileReference; lastKnownFileType = sourcecode.c.h; path = ViewController.h; sourceTree = "<group>"; };
		3FCD7FED201AD19A00F57E99 /* ViewController.m */ = {isa = PBXFileReference; lastKnownFileType = sourcecode.c.objc; path = ViewController.m; sourceTree = "<group>"; };
		3FCD7FF0201AD19A00F57E99 /* Base */ = {isa = PBXFileReference; lastKnownFileType = file.storyboard; name = Base; path = Base.lproj/Main.storyboard; sourceTree = "<group>"; };
		3FCD7FF2201AD19A00F57E99 /* Assets.xcassets */ = {isa = PBXFileReference; lastKnownFileType = folder.assetcatalog; path = Assets.xcassets; sourceTree = "<group>"; };
		3FCD7FF5201AD19A00F57E99 /* Base */ = {isa = PBXFileReference; lastKnownFileType = file.storyboard; name = Base; path = Base.lproj/LaunchScreen.storyboard; sourceTree = "<group>"; };
		3FCD7FF7201AD19A00F57E99 /* Info.plist */ = {isa = PBXFileReference; lastKnownFileType = text.plist.xml; path = Info.plist; sourceTree = "<group>"; };
		3FCD7FF8201AD19A00F57E99 /* main.m */ = {isa = PBXFileReference; lastKnownFileType = sourcecode.c.objc; path = main.m; sourceTree = "<group>"; };
		3FCD7FFF201AD1E200F57E99 /* ChangeLoction.h */ = {isa = PBXFileReference; lastKnownFileType = sourcecode.c.h; path = ChangeLoction.h; sourceTree = "<group>"; };
		3FCD8000201AD1E200F57E99 /* ChangeLoction.m */ = {isa = PBXFileReference; lastKnownFileType = sourcecode.c.objc; path = ChangeLoction.m; sourceTree = "<group>"; };
		3FCD8008201AE76300F57E99 /* Location1.gpx */ = {isa = PBXFileReference; lastKnownFileType = text.xml; path = Location1.gpx; sourceTree = "<group>"; };
/* End PBXFileReference section */

/* Begin PBXFrameworksBuildPhase section */
		3FCD7FE3201AD19A00F57E99 /* Frameworks */ = {
			isa = PBXFrameworksBuildPhase;
			buildActionMask = 2147483647;
			files = (
			);
			runOnlyForDeploymentPostprocessing = 0;
		};
/* End PBXFrameworksBuildPhase section */

/* Begin PBXGroup section */
		3FCD7FDD201AD19A00F57E99 = {
			isa = PBXGroup;
			children = (
				3FCD7FE8201AD19A00F57E99 /* ChangeLocation */,
				3FCD7FE7201AD19A00F57E99 /* Products */,
			);
			sourceTree = "<group>";
		};
		3FCD7FE7201AD19A00F57E99 /* Products */ = {
			isa = PBXGroup;
			children = (
				3FCD7FE6201AD19A00F57E99 /* ChangeLocation.app */,
			);
			name = Products;
			sourceTree = "<group>";
		};
		3FCD7FE8201AD19A00F57E99 /* ChangeLocation */ = {
			isa = PBXGroup;
			children = (
				3FCD7FE9201AD19A00F57E99 /* AppDelegate.h */,
				3FCD7FEA201AD19A00F57E99 /* AppDelegate.m */,
				3FCD7FEC201AD19A00F57E99 /* ViewController.h */,
				3FCD7FED201AD19A00F57E99 /* ViewController.m */,
				3FCD7FFF201AD1E200F57E99 /* ChangeLoction.h */,
				3FCD8000201AD1E200F57E99 /* ChangeLoction.m */,
				3FCD8008201AE76300F57E99 /* Location1.gpx */,
				3FCD7FEF201AD19A00F57E99 /* Main.storyboard */,
				3FCD7FF2201AD19A00F57E99 /* Assets.xcassets */,
				3FCD7FF4201AD19A00F57E99 /* LaunchScreen.storyboard */,
				3FCD7FF7201AD19A00F57E99 /* Info.plist */,
				3FCD7FF8201AD19A00F57E99 /* main.m */,
			);
			path = ChangeLocation;
			sourceTree = "<group>";
		};
/* End PBXGroup section */

/* Begin PBXNativeTarget section */
		3FCD7FE5201AD19A00F57E99 /* ChangeLocation */ = {
			isa = PBXNativeTarget;
			buildConfigurationList = 3FCD7FFC201AD19A00F57E99 /* Build configuration list for PBXNativeTarget "ChangeLocation" */;
			buildPhases = (
				3FCD7FE2201AD19A00F57E99 /* Sources */,
				3FCD7FE3201AD19A00F57E99 /* Frameworks */,
				3FCD7FE4201AD19A00F57E99 /* Resources */,
			);
			buildRules = (
			);
			dependencies = (
			);
			name = ChangeLocation;
			productName = ChangeLocation;
			productReference = 3FCD7FE6201AD19A00F57E99 /* ChangeLocation.app */;
			productType = "com.apple.product-type.application";
		};
/* End PBXNativeTarget section */

/* Begin PBXProject section */
		3FCD7FDE201AD19A00F57E99 /* Project object */ = {
			isa = PBXProject;
			attributes = {
				LastUpgradeCheck = 0920;
				ORGANIZATIONNAME = ljb48229;
				TargetAttributes = {
					3FCD7FE5201AD19A00F57E99 = {
						CreatedOnToolsVersion = 9.2;
						ProvisioningStyle = Automatic;
					};
				};
			};
			buildConfigurationList = 3FCD7FE1201AD19A00F57E99 /* Build configuration list for PBXProject "ChangeLocation" */;
			compatibilityVersion = "Xcode 8.0";
			developmentRegion = en;
			hasScannedForEncodings = 0;
			knownRegions = (
				en,
				Base,
			);
			mainGroup = 3FCD7FDD201AD19A00F57E99;
			productRefGroup = 3FCD7FE7201AD19A00F57E99 /* Products */;
			projectDirPath = "";
			projectRoot = "";
			targets = (
				3FCD7FE5201AD19A00F57E99 /* ChangeLocation */,
			);
		};
/* End PBXProject section */

/* Begin PBXResourcesBuildPhase section */
		3FCD7FE4201AD19A00F57E99 /* Resources */ = {
			isa = PBXResourcesBuildPhase;
			buildActionMask = 2147483647;
			files = (
				3FCD7FF6201AD19A00F57E99 /* LaunchScreen.storyboard in Resources */,
				3FCD7FF3201AD19A00F57E99 /* Assets.xcassets in Resources */,
				3FCD7FF1201AD19A00F57E99 /* Main.storyboard in Resources */,
			);
			runOnlyForDeploymentPostprocessing = 0;
		};
/* End PBXResourcesBuildPhase section */

/* Begin PBXSourcesBuildPhase section */
		3FCD7FE2201AD19A00F57E99 /* Sources */ = {
			isa = PBXSourcesBuildPhase;
			buildActionMask = 2147483647;
			files = (
				3FCD8001201AD1E200F57E99 /* ChangeLoction.m in Sources */,
				3FCD7FEE201AD19A00F57E99 /* ViewController.m in Sources */,
				3FCD7FF9201AD19A00F57E99 /* main.m in Sources */,
				3FCD7FEB201AD19A00F57E99 /* AppDelegate.m in Sources */,
			);
			runOnlyForDeploymentPostprocessing = 0;
		};
/* End PBXSourcesBuildPhase section */

/* Begin PBXVariantGroup section */
		3FCD7FEF201AD19A00F57E99 /* Main.storyboard */ = {
			isa = PBXVariantGroup;
			children = (
				3FCD7FF0201AD19A00F57E99 /* Base */,
			);
			name = Main.storyboard;
			sourceTree = "<group>";
		};
		3FCD7FF4201AD19A00F57E99 /* LaunchScreen.storyboard */ = {
			isa = PBXVariantGroup;
			children = (
				3FCD7FF5201AD19A00F57E99 /* Base */,
			);
			name = LaunchScreen.storyboard;
			sourceTree = "<group>";
		};
/* End PBXVariantGroup section */

/* Begin XCBuildConfiguration section */
		3FCD7FFA201AD19A00F57E99 /* Debug */ = {
			isa = XCBuildConfiguration;
			buildSettings = {
				ALWAYS_SEARCH_USER_PATHS = NO;
				CLANG_ANALYZER_NONNULL = YES;
				CLANG_ANALYZER_NUMBER_OBJECT_CONVERSION = YES_AGGRESSIVE;
				CLANG_CXX_LANGUAGE_STANDARD = "gnu++14";
				CLANG_CXX_LIBRARY = "libc++";
				CLANG_ENABLE_MODULES = YES;
				CLANG_ENABLE_OBJC_ARC = YES;
				CLANG_WARN_BLOCK_CAPTURE_AUTORELEASING = YES;
				CLANG_WARN_BOOL_CONVERSION = YES;
				CLANG_WARN_COMMA = YES;
				CLANG_WARN_CONSTANT_CONVERSION = YES;
				CLANG_WARN_DIRECT_OBJC_ISA_USAGE = YES_ERROR;
				CLANG_WARN_DOCUMENTATION_COMMENTS = YES;
				CLANG_WARN_EMPTY_BODY = YES;
				CLANG_WARN_ENUM_CONVERSION = YES;
				CLANG_WARN_INFINITE_RECURSION = YES;
				CLANG_WARN_INT_CONVERSION = YES;
				CLANG_WARN_NON_LITERAL_NULL_CONVERSION = YES;
				CLANG_WARN_OBJC_LITERAL_CONVERSION = YES;
				CLANG_WARN_OBJC_ROOT_CLASS = YES_ERROR;
				CLANG_WARN_RANGE_LOOP_ANALYSIS = YES;
				CLANG_WARN_STRICT_PROTOTYPES = YES;
				CLANG_WARN_SUSPICIOUS_MOVE = YES;
				CLANG_WARN_UNGUARDED_AVAILABILITY = YES_AGGRESSIVE;
				CLANG_WARN_UNREACHABLE_CODE = YES;
				CLANG_WARN__DUPLICATE_METHOD_MATCH = YES;
				CODE_SIGN_IDENTITY = "iPhone Developer";
				COPY_PHASE_STRIP = NO;
				DEBUG_INFORMATION_FORMAT = dwarf;
				ENABLE_STRICT_OBJC_MSGSEND = YES;
				ENABLE_TESTABILITY = YES;
				GCC_C_LANGUAGE_STANDARD = gnu11;
				GCC_DYNAMIC_NO_PIC = NO;
				GCC_NO_COMMON_BLOCKS = YES;
				GCC_OPTIMIZATION_LEVEL = 0;
				GCC_PREPROCESSOR_DEFINITIONS = (
					"DEBUG=1",
					"$(inherited)",
				);
				GCC_WARN_64_TO_32_BIT_CONVERSION = YES;
				GCC_WARN_ABOUT_RETURN_TYPE = YES_ERROR;
				GCC_WARN_UNDECLARED_SELECTOR = YES;
				GCC_WARN_UNINITIALIZED_AUTOS = YES_AGGRESSIVE;
				GCC_WARN_UNUSED_FUNCTION = YES;
				GCC_WARN_UNUSED_VARIABLE = YES;
				IPHONEOS_DEPLOYMENT_TARGET = 11.2;
				MTL_ENABLE_DEBUG_INFO = YES;
				ONLY_ACTIVE_ARCH = YES;
				SDKROOT = iphoneos;
			};
			name = Debug;
		};
		3FCD7FFB201AD19A00F57E99 /* Release */ = {
			isa = XCBuildConfiguration;
			buildSettings = {
				ALWAYS_SEARCH_USER_PATHS = NO;
				CLANG_ANALYZER_NONNULL = YES;
				CLANG_ANALYZER_NUMBER_OBJECT_CONVERSION = YES_AGGRESSIVE;
				CLANG_CXX_LANGUAGE_STANDARD = "gnu++14";
				CLANG_CXX_LIBRARY = "libc++";
				CLANG_ENABLE_MODULES = YES;
				CLANG_ENABLE_OBJC_ARC = YES;
				CLANG_WARN_BLOCK_CAPTURE_AUTORELEASING = YES;
				CLANG_WARN_BOOL_CONVERSION = YES;
				CLANG_WARN_COMMA = YES;
				CLANG_WARN_CONSTANT_CONVERSION = YES;
				CLANG_WARN_DIRECT_OBJC_ISA_USAGE = YES_ERROR;
				CLANG_WARN_DOCUMENTATION_COMMENTS = YES;
				CLANG_WARN_EMPTY_BODY = YES;
				CLANG_WARN_ENUM_CONVERSION = YES;
				CLANG_WARN_INFINITE_RECURSION = YES;
				CLANG_WARN_INT_CONVERSION = YES;
				CLANG_WARN_NON_LITERAL_NULL_CONVERSION = YES;
				CLANG_WARN_OBJC_LITERAL_CONVERSION = YES;
				CLANG_WARN_OBJC_ROOT_CLASS = YES_ERROR;
				CLANG_WARN_RANGE_LOOP_ANALYSIS = YES;
				CLANG_WARN_STRICT_PROTOTYPES = YES;
				CLANG_WARN_SUSPICIOUS_MOVE = YES;
				CLANG_WARN_UNGUARDED_AVAILABILITY = YES_AGGRESSIVE;
				CLANG_WARN_UNREACHABLE_CODE = YES;
				CLANG_WARN__DUPLICATE_METHOD_MATCH = YES;
				CODE_SIGN_IDENTITY = "iPhone Developer";
				COPY_PHASE_STRIP = NO;
				DEBUG_INFORMATION_FORMAT = "dwarf-with-dsym";
				ENABLE_NS_ASSERTIONS = NO;
				ENABLE_STRICT_OBJC_MSGSEND = YES;
				GCC_C_LANGUAGE_STANDARD = gnu11;
				GCC_NO_COMMON_BLOCKS = YES;
				GCC_WARN_64_TO_32_BIT_CONVERSION = YES;
				GCC_WARN_ABOUT_RETURN_TYPE = YES_ERROR;
				GCC_WARN_UNDECLARED_SELECTOR = YES;
				GCC_WARN_UNINITIALIZED_AUTOS = YES_AGGRESSIVE;
				GCC_WARN_UNUSED_FUNCTION = YES;
				GCC_WARN_UNUSED_VARIABLE = YES;
				IPHONEOS_DEPLOYMENT_TARGET = 11.2;
				MTL_ENABLE_DEBUG_INFO = NO;
				SDKROOT = iphoneos;
				VALIDATE_PRODUCT = YES;
			};
			name = Release;
		};
		3FCD7FFD201AD19A00F57E99 /* Debug */ = {
			isa = XCBuildConfiguration;
			buildSettings = {
				ASSETCATALOG_COMPILER_APPICON_NAME = AppIcon;
				CODE_SIGN_STYLE = Automatic;
				DEVELOPMENT_TEAM = 47W28PSMV7;
				INFOPLIST_FILE = ChangeLocation/Info.plist;
				IPHONEOS_DEPLOYMENT_TARGET = 10.0;
				LD_RUNPATH_SEARCH_PATHS = "$(inherited) @executable_path/Frameworks";
				PRODUCT_BUNDLE_IDENTIFIER = cn.lijiangbo.ChangeLocation;
				PRODUCT_NAME = "$(TARGET_NAME)";
				TARGETED_DEVICE_FAMILY = "1,2";
			};
			name = Debug;
		};
		3FCD7FFE201AD19A00F57E99 /* Release */ = {
			isa = XCBuildConfiguration;
			buildSettings = {
				ASSETCATALOG_COMPILER_APPICON_NAME = AppIcon;
				CODE_SIGN_STYLE = Automatic;
				DEVELOPMENT_TEAM = 47W28PSMV7;
				INFOPLIST_FILE = ChangeLocation/Info.plist;
				IPHONEOS_DEPLOYMENT_TARGET = 10.0;
				LD_RUNPATH_SEARCH_PATHS = "$(inherited) @executable_path/Frameworks";
				PRODUCT_BUNDLE_IDENTIFIER = cn.lijiangbo.ChangeLocation;
				PRODUCT_NAME = "$(TARGET_NAME)";
				TARGETED_DEVICE_FAMILY = "1,2";
			};
			name = Release;
		};
/* End XCBuildConfiguration section */

/* Begin XCConfigurationList section */
		3FCD7FE1201AD19A00F57E99 /* Build configuration list for PBXProject "ChangeLocation" */ = {
			isa = XCConfigurationList;
			buildConfigurations = (
				3FCD7FFA201AD19A00F57E99 /* Debug */,
				3FCD7FFB201AD19A00F57E99 /* Release */,
			);
			defaultConfigurationIsVisible = 0;
			defaultConfigurationName = Release;
		};
		3FCD7FFC201AD19A00F57E99 /* Build configuration list for PBXNativeTarget "ChangeLocation" */ = {
			isa = XCConfigurationList;
			buildConfigurations = (
				3FCD7FFD201AD19A00F57E99 /* Debug */,
				3FCD7FFE201AD19A00F57E99 /* Release */,
			);
			defaultConfigurationIsVisible = 0;
			defaultConfigurationName = Release;
		};
/* End XCConfigurationList section */
	};
	rootObject = 3FCD7FDE201AD19A00F57E99 /* Project object */;
}
